<?xml version="1.0" encoding="utf-8"?>
<Project ToolsVersion="4.0" xmlns="http://schemas.microsoft.com/developer/msbuild/2003">
  <ItemGroup>
    <Filter Include="源文件">
      <UniqueIdentifier>{4FC737F1-C7A5-4376-A066-2A32D752A2FF}</UniqueIdentifier>
      <Extensions>cpp;c;cc;cxx;def;odl;idl;hpj;bat;asm;asmx</Extensions>
    </Filter>
    <Filter Include="头文件">
      <UniqueIdentifier>{93995380-89BD-4b04-88EB-625FBE52EBFB}</UniqueIdentifier>
      <Extensions>h;hh;hpp;hxx;hm;inl;inc;ipp;xsd</Extensions>
    </Filter>
    <Filter Include="资源文件">
      <UniqueIdentifier>{67DA6AB6-F800-4c08-8B7A-83BB121AAD01}</UniqueIdentifier>
      <Extensions>rc;ico;cur;bmp;dlg;rc2;rct;bin;rgs;gif;jpg;jpeg;jpe;resx;tiff;tif;png;wav;mfcribbon-ms</Extensions>
    </Filter>
    <Filter Include="源文件\comm">
      <UniqueIdentifier>{17a098f1-5105-428d-b414-b66beaf1eed2}</UniqueIdentifier>
    </Filter>
    <Filter Include="源文件\server">
      <UniqueIdentifier>{81acf4d3-f4d1-4475-8894-caac705d73e5}</UniqueIdentifier>
    </Filter>
    <Filter Include="源文件\test">
      <UniqueIdentifier>{9b09a849-94bc-416f-99c3-15d6fd0ecdfe}</UniqueIdentifier>
    </Filter>
    <Filter Include="源文件\memory">
      <UniqueIdentifier>{a6f564b1-5bae-4cd1-8da0-69ab67807e2e}</UniqueIdentifier>
    </Filter>
    <Filter Include="源文件\tool">
      <UniqueIdentifier>{db1292ce-246b-470b-aa0a-f832900d2354}</UniqueIdentifier>
    </Filter>
    <Filter Include="源文件\conf">
      <UniqueIdentifier>{573a13a5-40d6-4610-aec4-1398e5af0785}</UniqueIdentifier>
    </Filter>
  </ItemGroup>
  <ItemGroup>
    <ClInclude Include="comm\Common.h">
      <Filter>源文件\comm</Filter>
    </ClInclude>
    <ClInclude Include="comm\Message.h">
      <Filter>源文件\comm</Filter>
    </ClInclude>
    <ClInclude Include="server\CellBuffer.h">
      <Filter>源文件\server</Filter>
    </ClInclude>
    <ClInclude Include="server\CellClient.h">
      <Filter>源文件\server</Filter>
    </ClInclude>
    <ClInclude Include="server\CellServer.h">
      <Filter>源文件\server</Filter>
    </ClInclude>
    <ClInclude Include="server\INetEvent.h">
      <Filter>源文件\server</Filter>
    </ClInclude>
    <ClInclude Include="server\Server.h">
      <Filter>源文件\server</Filter>
    </ClInclude>
    <ClInclude Include="memory\MemoryAlloc.h">
      <Filter>源文件\memory</Filter>
    </ClInclude>
    <ClInclude Include="memory\MemoryPool.h">
      <Filter>源文件\memory</Filter>
    </ClInclude>
    <ClInclude Include="memory\ObjectPool.h">
      <Filter>源文件\memory</Filter>
    </ClInclude>
    <ClInclude Include="conf\CellConfig.h">
      <Filter>源文件\conf</Filter>
    </ClInclude>
    <ClInclude Include="server\CellMsgStream.h">
      <Filter>源文件\server</Filter>
    </ClInclude>
    <ClInclude Include="server\CellStream.h">
      <Filter>源文件\server</Filter>
    </ClInclude>
    <ClInclude Include="tool\CellLog.h">
      <Filter>源文件\tool</Filter>
    </ClInclude>
    <ClInclude Include="tool\CellSemaphore.h">
      <Filter>源文件\tool</Filter>
    </ClInclude>
    <ClInclude Include="tool\CellTask.h">
      <Filter>源文件\tool</Filter>
    </ClInclude>
    <ClInclude Include="tool\CellThread.h">
      <Filter>源文件\tool</Filter>
    </ClInclude>
    <ClInclude Include="tool\CellTimeStamp.h">
      <Filter>源文件\tool</Filter>
    </ClInclude>
    <ClInclude Include="server\CellFDSet.h">
      <Filter>源文件\server</Filter>
    </ClInclude>
    <ClInclude Include="server\ServerSelect.h">
      <Filter>源文件\server</Filter>
    </ClInclude>
    <ClInclude Include="server\CellServerEpoll.h">
      <Filter>源文件\server</Filter>
    </ClInclude>
    <ClInclude Include="server\CellServerSelect.h">
      <Filter>源文件\server</Filter>
    </ClInclude>
    <ClInclude Include="server\ServerEpoll.h">
      <Filter>源文件\server</Filter>
    </ClInclude>
    <ClInclude Include="test\MyServerEpoll.h">
      <Filter>源文件\test</Filter>
    </ClInclude>
    <ClInclude Include="test\MyServerSelect.h">
      <Filter>源文件\test</Filter>
    </ClInclude>
    <ClInclude Include="tool\CellNetWork.h">
      <Filter>源文件\tool</Filter>
    </ClInclude>
    <ClInclude Include="server\CellEpoll.h">
      <Filter>源文件\server</Filter>
    </ClInclude>
  </ItemGroup>
  <ItemGroup>
    <ClCompile Include="server\CellServer.cpp">
      <Filter>源文件\server</Filter>
    </ClCompile>
    <ClCompile Include="server\Server.cpp">
      <Filter>源文件\server</Filter>
    </ClCompile>
    <ClCompile Include="memory\MemoryAlloc.cpp">
      <Filter>源文件\memory</Filter>
    </ClCompile>
    <ClCompile Include="memory\MemoryPool.cpp">
      <Filter>源文件\memory</Filter>
    </ClCompile>
    <ClCompile Include="test\TestServer.cpp">
      <Filter>源文件\test</Filter>
    </ClCompile>
  </ItemGroup>
  <ItemGroup>
    <None Include="Makefile" />
  </ItemGroup>
</Project>