<?xml version="1.0" encoding="utf-8"?>
<Project ToolsVersion="4.0" xmlns="http://schemas.microsoft.com/developer/msbuild/2003">
  <ItemGroup>
    <Filter Include="源文件">
      <UniqueIdentifier>{4FC737F1-C7A5-4376-A066-2A32D752A2FF}</UniqueIdentifier>
      <Extensions>cpp;c;cc;cxx;def;odl;idl;hpj;bat;asm;asmx</Extensions>
    </Filter>
    <Filter Include="头文件">
      <UniqueIdentifier>{93995380-89BD-4b04-88EB-625FBE52EBFB}</UniqueIdentifier>
      <Extensions>h;hh;hpp;hxx;hm;inl;inc;ipp;xsd</Extensions>
    </Filter>
    <Filter Include="资源文件">
      <UniqueIdentifier>{67DA6AB6-F800-4c08-8B7A-83BB121AAD01}</UniqueIdentifier>
      <Extensions>rc;ico;cur;bmp;dlg;rc2;rct;bin;rgs;gif;jpg;jpeg;jpe;resx;tiff;tif;png;wav;mfcribbon-ms</Extensions>
    </Filter>
    <Filter Include="源文件\test">
      <UniqueIdentifier>{a04fc64c-b3e0-4991-8abe-a530003fa5bb}</UniqueIdentifier>
    </Filter>
    <Filter Include="源文件\server">
      <UniqueIdentifier>{610caa57-ff97-4644-addf-52c2bf52f8be}</UniqueIdentifier>
    </Filter>
    <Filter Include="源文件\tool">
      <UniqueIdentifier>{8e16235b-6837-4bc8-b2b4-bdaf2db6dd46}</UniqueIdentifier>
    </Filter>
    <Filter Include="源文件\memory">
      <UniqueIdentifier>{7542e5bd-d2a0-4330-b563-c0b903576fdf}</UniqueIdentifier>
    </Filter>
  </ItemGroup>
  <ItemGroup>
    <ClCompile Include="server\Server.cpp">
      <Filter>源文件\server</Filter>
    </ClCompile>
    <ClCompile Include="test\TestServer.cpp">
      <Filter>源文件\test</Filter>
    </ClCompile>
    <ClCompile Include="server\CellServer.cpp">
      <Filter>源文件\server</Filter>
    </ClCompile>
    <ClCompile Include="memory\MemoryAlloc.cpp">
      <Filter>源文件\memory</Filter>
    </ClCompile>
    <ClCompile Include="memory\MemoryPool.cpp">
      <Filter>源文件\memory</Filter>
    </ClCompile>
  </ItemGroup>
  <ItemGroup>
    <ClInclude Include="server\INetEvent.h">
      <Filter>源文件\server</Filter>
    </ClInclude>
    <ClInclude Include="server\Server.h">
      <Filter>源文件\server</Filter>
    </ClInclude>
    <ClInclude Include="test\MyServer.h">
      <Filter>源文件\test</Filter>
    </ClInclude>
    <ClInclude Include="server\CellServer.h">
      <Filter>源文件\server</Filter>
    </ClInclude>
    <ClInclude Include="memory\MemoryAlloc.h">
      <Filter>源文件\memory</Filter>
    </ClInclude>
    <ClInclude Include="memory\MemoryPool.h">
      <Filter>源文件\memory</Filter>
    </ClInclude>
    <ClInclude Include="memory\ObjectPool.h">
      <Filter>源文件\memory</Filter>
    </ClInclude>
    <ClInclude Include="tool\CellBuffer.h">
      <Filter>源文件\tool</Filter>
    </ClInclude>
    <ClInclude Include="tool\CellClient.h">
      <Filter>源文件\tool</Filter>
    </ClInclude>
    <ClInclude Include="tool\CellLog.h">
      <Filter>源文件\tool</Filter>
    </ClInclude>
    <ClInclude Include="tool\CellMsgStream.h">
      <Filter>源文件\tool</Filter>
    </ClInclude>
    <ClInclude Include="tool\CellNetWork.h">
      <Filter>源文件\tool</Filter>
    </ClInclude>
    <ClInclude Include="tool\CellSemaphore.h">
      <Filter>源文件\tool</Filter>
    </ClInclude>
    <ClInclude Include="tool\CellStream.h">
      <Filter>源文件\tool</Filter>
    </ClInclude>
    <ClInclude Include="tool\CellTask.h">
      <Filter>源文件\tool</Filter>
    </ClInclude>
    <ClInclude Include="tool\CellThread.h">
      <Filter>源文件\tool</Filter>
    </ClInclude>
    <ClInclude Include="tool\CellTimeStamp.h">
      <Filter>源文件\tool</Filter>
    </ClInclude>
    <ClInclude Include="tool\Message.h">
      <Filter>源文件\tool</Filter>
    </ClInclude>
    <ClInclude Include="tool\CellConfig.h">
      <Filter>源文件\tool</Filter>
    </ClInclude>
  </ItemGroup>
  <ItemGroup>
    <None Include="ClassDiagram.cd" />
    <None Include="ClassDiagram1.cd" />
    <None Include="ClassDiagram2.cd" />
  </ItemGroup>
</Project>